
Microsoft Visual Studio Solution File, Format Version 12.00
# Visual Studio Version 17
VisualStudioVersion = 17.0.32126.317
MinimumVisualStudioVersion = 10.0.40219.1
Project("{FAE04EC0-301F-11D3-BF4B-00C04F79EFBC}") = "iterarors and compilators", "iterarors and compilators\iterarors and compilators.csproj", "{175D150C-F830-44DF-A510-9A19B7BDE870}"
EndProject
Global
	GlobalSection(SolutionConfigurationPlatforms) = preSolution
		Debug|Any CPU = Debug|Any CPU
		Release|Any CPU = Release|Any CPU
	EndGlobalSection
	GlobalSection(ProjectConfigurationPlatforms) = postSolution
		{175D150C-F830-44DF-A510-9A19B7BDE870}.Debug|Any CPU.ActiveCfg = Debug|Any CPU
		{175D150C-F830-44DF-A510-9A19B7BDE870}.Debug|Any CPU.Build.0 = Debug|Any CPU
		{175D150C-F830-44DF-A510-9A19B7BDE870}.Release|Any CPU.ActiveCfg = Release|Any CPU
		{175D150C-F830-44DF-A510-9A19B7BDE870}.Release|Any CPU.Build.0 = Release|Any CPU
	EndGlobalSection
	GlobalSection(SolutionProperties) = preSolution
		HideSolutionNode = FALSE
	EndGlobalSection
	GlobalSection(ExtensibilityGlobals) = postSolution
		SolutionGuid = {A76B4AAC-ABEE-4143-98F1-65170895A7A3}
	EndGlobalSection
EndGlobal
