
Microsoft Visual Studio Solution File, Format Version 12.00
# Visual Studio Version 17
VisualStudioVersion = 17.0.31825.309
MinimumVisualStudioVersion = 10.0.40219.1
Project("{FAE04EC0-301F-11D3-BF4B-00C04F79EFBC}") = "ConsoleApp12", "ConsoleApp12\ConsoleApp12.csproj", "{64CE8BA0-F5EE-479B-9027-F806FC1A7060}"
EndProject
Global
	GlobalSection(SolutionConfigurationPlatforms) = preSolution
		Debug|Any CPU = Debug|Any CPU
		Release|Any CPU = Release|Any CPU
	EndGlobalSection
	GlobalSection(ProjectConfigurationPlatforms) = postSolution
		{64CE8BA0-F5EE-479B-9027-F806FC1A7060}.Debug|Any CPU.ActiveCfg = Debug|Any CPU
		{64CE8BA0-F5EE-479B-9027-F806FC1A7060}.Debug|Any CPU.Build.0 = Debug|Any CPU
		{64CE8BA0-F5EE-479B-9027-F806FC1A7060}.Release|Any CPU.ActiveCfg = Release|Any CPU
		{64CE8BA0-F5EE-479B-9027-F806FC1A7060}.Release|Any CPU.Build.0 = Release|Any CPU
	EndGlobalSection
	GlobalSection(SolutionProperties) = preSolution
		HideSolutionNode = FALSE
	EndGlobalSection
	GlobalSection(ExtensibilityGlobals) = postSolution
		SolutionGuid = {FAB8CC5D-4FA4-4CA6-A732-3A5638A97D52}
	EndGlobalSection
EndGlobal
