
Microsoft Visual Studio Solution File, Format Version 12.00
# Visual Studio Version 17
VisualStudioVersion = 17.1.32328.378
MinimumVisualStudioVersion = 10.0.40219.1
Project("{FAE04EC0-301F-11D3-BF4B-00C04F79EFBC}") = "Secret_Chat", "Secret_Chat\Secret_Chat.csproj", "{174683C0-651C-4901-A110-A066C434739C}"
EndProject
Project("{FAE04EC0-301F-11D3-BF4B-00C04F79EFBC}") = "Mirror_Words", "Mirror_Words\Mirror_Words.csproj", "{746E425B-2516-40C7-8049-A5F2A17EAB20}"
EndProject
Project("{FAE04EC0-301F-11D3-BF4B-00C04F79EFBC}") = "Need_for_Speed_III", "Need_for_Speed_III\Need_for_Speed_III.csproj", "{E7F61B2F-81A8-4995-BD24-7F5DE45C1E14}"
EndProject
Global
	GlobalSection(SolutionConfigurationPlatforms) = preSolution
		Debug|Any CPU = Debug|Any CPU
		Release|Any CPU = Release|Any CPU
	EndGlobalSection
	GlobalSection(ProjectConfigurationPlatforms) = postSolution
		{174683C0-651C-4901-A110-A066C434739C}.Debug|Any CPU.ActiveCfg = Debug|Any CPU
		{174683C0-651C-4901-A110-A066C434739C}.Debug|Any CPU.Build.0 = Debug|Any CPU
		{174683C0-651C-4901-A110-A066C434739C}.Release|Any CPU.ActiveCfg = Release|Any CPU
		{174683C0-651C-4901-A110-A066C434739C}.Release|Any CPU.Build.0 = Release|Any CPU
		{746E425B-2516-40C7-8049-A5F2A17EAB20}.Debug|Any CPU.ActiveCfg = Debug|Any CPU
		{746E425B-2516-40C7-8049-A5F2A17EAB20}.Debug|Any CPU.Build.0 = Debug|Any CPU
		{746E425B-2516-40C7-8049-A5F2A17EAB20}.Release|Any CPU.ActiveCfg = Release|Any CPU
		{746E425B-2516-40C7-8049-A5F2A17EAB20}.Release|Any CPU.Build.0 = Release|Any CPU
		{E7F61B2F-81A8-4995-BD24-7F5DE45C1E14}.Debug|Any CPU.ActiveCfg = Debug|Any CPU
		{E7F61B2F-81A8-4995-BD24-7F5DE45C1E14}.Debug|Any CPU.Build.0 = Debug|Any CPU
		{E7F61B2F-81A8-4995-BD24-7F5DE45C1E14}.Release|Any CPU.ActiveCfg = Release|Any CPU
		{E7F61B2F-81A8-4995-BD24-7F5DE45C1E14}.Release|Any CPU.Build.0 = Release|Any CPU
	EndGlobalSection
	GlobalSection(SolutionProperties) = preSolution
		HideSolutionNode = FALSE
	EndGlobalSection
	GlobalSection(ExtensibilityGlobals) = postSolution
		SolutionGuid = {4DF2DB7B-6B80-4D37-A2DD-D6E1531F5CDC}
	EndGlobalSection
EndGlobal
