
Microsoft Visual Studio Solution File, Format Version 12.00
# Visual Studio Version 17
VisualStudioVersion = 17.0.31825.309
MinimumVisualStudioVersion = 10.0.40219.1
Project("{FAE04EC0-301F-11D3-BF4B-00C04F79EFBC}") = "ConsoleApp17", "ConsoleApp17\ConsoleApp17.csproj", "{0755B60D-BA2B-4D3E-85AE-1E8D98037553}"
EndProject
Global
	GlobalSection(SolutionConfigurationPlatforms) = preSolution
		Debug|Any CPU = Debug|Any CPU
		Release|Any CPU = Release|Any CPU
	EndGlobalSection
	GlobalSection(ProjectConfigurationPlatforms) = postSolution
		{0755B60D-BA2B-4D3E-85AE-1E8D98037553}.Debug|Any CPU.ActiveCfg = Debug|Any CPU
		{0755B60D-BA2B-4D3E-85AE-1E8D98037553}.Debug|Any CPU.Build.0 = Debug|Any CPU
		{0755B60D-BA2B-4D3E-85AE-1E8D98037553}.Release|Any CPU.ActiveCfg = Release|Any CPU
		{0755B60D-BA2B-4D3E-85AE-1E8D98037553}.Release|Any CPU.Build.0 = Release|Any CPU
	EndGlobalSection
	GlobalSection(SolutionProperties) = preSolution
		HideSolutionNode = FALSE
	EndGlobalSection
	GlobalSection(ExtensibilityGlobals) = postSolution
		SolutionGuid = {30CE714E-A223-4D80-A4DC-1CDDC668E395}
	EndGlobalSection
EndGlobal
