
Microsoft Visual Studio Solution File, Format Version 12.00
# Visual Studio Version 17
VisualStudioVersion = 17.1.32328.378
MinimumVisualStudioVersion = 10.0.40219.1
Project("{FAE04EC0-301F-11D3-BF4B-00C04F79EFBC}") = "Bakery Shop", "Bakery Shop\Bakery Shop.csproj", "{4D4F7131-C537-4C4B-9155-68CE831D4C36}"
EndProject
Global
	GlobalSection(SolutionConfigurationPlatforms) = preSolution
		Debug|Any CPU = Debug|Any CPU
		Release|Any CPU = Release|Any CPU
	EndGlobalSection
	GlobalSection(ProjectConfigurationPlatforms) = postSolution
		{4D4F7131-C537-4C4B-9155-68CE831D4C36}.Debug|Any CPU.ActiveCfg = Debug|Any CPU
		{4D4F7131-C537-4C4B-9155-68CE831D4C36}.Debug|Any CPU.Build.0 = Debug|Any CPU
		{4D4F7131-C537-4C4B-9155-68CE831D4C36}.Release|Any CPU.ActiveCfg = Release|Any CPU
		{4D4F7131-C537-4C4B-9155-68CE831D4C36}.Release|Any CPU.Build.0 = Release|Any CPU
	EndGlobalSection
	GlobalSection(SolutionProperties) = preSolution
		HideSolutionNode = FALSE
	EndGlobalSection
	GlobalSection(ExtensibilityGlobals) = postSolution
		SolutionGuid = {AE6D79CA-C096-4387-8253-69334658F2E3}
	EndGlobalSection
EndGlobal
