
Microsoft Visual Studio Solution File, Format Version 12.00
# Visual Studio Version 17
VisualStudioVersion = 17.0.32126.317
MinimumVisualStudioVersion = 10.0.40219.1
Project("{FAE04EC0-301F-11D3-BF4B-00C04F79EFBC}") = "object and classes", "object and classes\object and classes.csproj", "{A3A66EA2-9B85-49A0-96D0-3DAC7EBC9D0A}"
EndProject
Global
	GlobalSection(SolutionConfigurationPlatforms) = preSolution
		Debug|Any CPU = Debug|Any CPU
		Release|Any CPU = Release|Any CPU
	EndGlobalSection
	GlobalSection(ProjectConfigurationPlatforms) = postSolution
		{A3A66EA2-9B85-49A0-96D0-3DAC7EBC9D0A}.Debug|Any CPU.ActiveCfg = Debug|Any CPU
		{A3A66EA2-9B85-49A0-96D0-3DAC7EBC9D0A}.Debug|Any CPU.Build.0 = Debug|Any CPU
		{A3A66EA2-9B85-49A0-96D0-3DAC7EBC9D0A}.Release|Any CPU.ActiveCfg = Release|Any CPU
		{A3A66EA2-9B85-49A0-96D0-3DAC7EBC9D0A}.Release|Any CPU.Build.0 = Release|Any CPU
	EndGlobalSection
	GlobalSection(SolutionProperties) = preSolution
		HideSolutionNode = FALSE
	EndGlobalSection
	GlobalSection(ExtensibilityGlobals) = postSolution
		SolutionGuid = {3C06E5D0-71D7-4360-AFBE-7430ED4BCD50}
	EndGlobalSection
EndGlobal
