
Microsoft Visual Studio Solution File, Format Version 12.00
# Visual Studio Version 17
VisualStudioVersion = 17.1.32210.238
MinimumVisualStudioVersion = 10.0.40219.1
Project("{FAE04EC0-301F-11D3-BF4B-00C04F79EFBC}") = "01. Count Real Numbers", "01. Count Real Numbers\01. Count Real Numbers.csproj", "{D5F61615-3703-4F4F-B78F-3C584FFF78FF}"
EndProject
Project("{FAE04EC0-301F-11D3-BF4B-00C04F79EFBC}") = "02. Odd Occurrences", "02. Odd Occurrences\02. Odd Occurrences.csproj", "{463AB2E2-4312-40A2-B220-E016D55EBEC2}"
EndProject
Project("{FAE04EC0-301F-11D3-BF4B-00C04F79EFBC}") = "03. Word Synonyms", "03. Word Synonyms\03. Word Synonyms.csproj", "{03EB8577-1811-4011-BFC8-2D58DBBF35F5}"
EndProject
Project("{FAE04EC0-301F-11D3-BF4B-00C04F79EFBC}") = "04. Word Filter", "04. Word Filter\04. Word Filter.csproj", "{FEFE87C6-90BC-4952-85C2-3D77A5166DAF}"
EndProject
Global
	GlobalSection(SolutionConfigurationPlatforms) = preSolution
		Debug|Any CPU = Debug|Any CPU
		Release|Any CPU = Release|Any CPU
	EndGlobalSection
	GlobalSection(ProjectConfigurationPlatforms) = postSolution
		{D5F61615-3703-4F4F-B78F-3C584FFF78FF}.Debug|Any CPU.ActiveCfg = Debug|Any CPU
		{D5F61615-3703-4F4F-B78F-3C584FFF78FF}.Debug|Any CPU.Build.0 = Debug|Any CPU
		{D5F61615-3703-4F4F-B78F-3C584FFF78FF}.Release|Any CPU.ActiveCfg = Release|Any CPU
		{D5F61615-3703-4F4F-B78F-3C584FFF78FF}.Release|Any CPU.Build.0 = Release|Any CPU
		{463AB2E2-4312-40A2-B220-E016D55EBEC2}.Debug|Any CPU.ActiveCfg = Debug|Any CPU
		{463AB2E2-4312-40A2-B220-E016D55EBEC2}.Debug|Any CPU.Build.0 = Debug|Any CPU
		{463AB2E2-4312-40A2-B220-E016D55EBEC2}.Release|Any CPU.ActiveCfg = Release|Any CPU
		{463AB2E2-4312-40A2-B220-E016D55EBEC2}.Release|Any CPU.Build.0 = Release|Any CPU
		{03EB8577-1811-4011-BFC8-2D58DBBF35F5}.Debug|Any CPU.ActiveCfg = Debug|Any CPU
		{03EB8577-1811-4011-BFC8-2D58DBBF35F5}.Debug|Any CPU.Build.0 = Debug|Any CPU
		{03EB8577-1811-4011-BFC8-2D58DBBF35F5}.Release|Any CPU.ActiveCfg = Release|Any CPU
		{03EB8577-1811-4011-BFC8-2D58DBBF35F5}.Release|Any CPU.Build.0 = Release|Any CPU
		{FEFE87C6-90BC-4952-85C2-3D77A5166DAF}.Debug|Any CPU.ActiveCfg = Debug|Any CPU
		{FEFE87C6-90BC-4952-85C2-3D77A5166DAF}.Debug|Any CPU.Build.0 = Debug|Any CPU
		{FEFE87C6-90BC-4952-85C2-3D77A5166DAF}.Release|Any CPU.ActiveCfg = Release|Any CPU
		{FEFE87C6-90BC-4952-85C2-3D77A5166DAF}.Release|Any CPU.Build.0 = Release|Any CPU
	EndGlobalSection
	GlobalSection(SolutionProperties) = preSolution
		HideSolutionNode = FALSE
	EndGlobalSection
	GlobalSection(ExtensibilityGlobals) = postSolution
		SolutionGuid = {BFEB2A03-24E0-4B75-B02D-2A6F0D15225A}
	EndGlobalSection
EndGlobal
