
Microsoft Visual Studio Solution File, Format Version 12.00
# Visual Studio Version 17
VisualStudioVersion = 17.0.32126.317
MinimumVisualStudioVersion = 10.0.40219.1
Project("{FAE04EC0-301F-11D3-BF4B-00C04F79EFBC}") = "exam", "exam\exam.csproj", "{E08FCDEA-886E-4C8A-A5CB-4233A9B21BBE}"
EndProject
Project("{FAE04EC0-301F-11D3-BF4B-00C04F79EFBC}") = "zad2", "zad2\zad2.csproj", "{A1E84C3E-1B2C-4C7B-8A13-4F040BBFD78D}"
EndProject
Project("{FAE04EC0-301F-11D3-BF4B-00C04F79EFBC}") = "zad3", "zad3\zad3.csproj", "{8AFE5DEE-F3EF-4040-8D3D-79608F4D6759}"
EndProject
Project("{FAE04EC0-301F-11D3-BF4B-00C04F79EFBC}") = "zad2popravka", "zad2popravka\zad2popravka.csproj", "{ACD5432D-E7C4-4A83-86AD-B80561C2B353}"
EndProject
Global
	GlobalSection(SolutionConfigurationPlatforms) = preSolution
		Debug|Any CPU = Debug|Any CPU
		Release|Any CPU = Release|Any CPU
	EndGlobalSection
	GlobalSection(ProjectConfigurationPlatforms) = postSolution
		{E08FCDEA-886E-4C8A-A5CB-4233A9B21BBE}.Debug|Any CPU.ActiveCfg = Debug|Any CPU
		{E08FCDEA-886E-4C8A-A5CB-4233A9B21BBE}.Debug|Any CPU.Build.0 = Debug|Any CPU
		{E08FCDEA-886E-4C8A-A5CB-4233A9B21BBE}.Release|Any CPU.ActiveCfg = Release|Any CPU
		{E08FCDEA-886E-4C8A-A5CB-4233A9B21BBE}.Release|Any CPU.Build.0 = Release|Any CPU
		{A1E84C3E-1B2C-4C7B-8A13-4F040BBFD78D}.Debug|Any CPU.ActiveCfg = Debug|Any CPU
		{A1E84C3E-1B2C-4C7B-8A13-4F040BBFD78D}.Debug|Any CPU.Build.0 = Debug|Any CPU
		{A1E84C3E-1B2C-4C7B-8A13-4F040BBFD78D}.Release|Any CPU.ActiveCfg = Release|Any CPU
		{A1E84C3E-1B2C-4C7B-8A13-4F040BBFD78D}.Release|Any CPU.Build.0 = Release|Any CPU
		{8AFE5DEE-F3EF-4040-8D3D-79608F4D6759}.Debug|Any CPU.ActiveCfg = Debug|Any CPU
		{8AFE5DEE-F3EF-4040-8D3D-79608F4D6759}.Debug|Any CPU.Build.0 = Debug|Any CPU
		{8AFE5DEE-F3EF-4040-8D3D-79608F4D6759}.Release|Any CPU.ActiveCfg = Release|Any CPU
		{8AFE5DEE-F3EF-4040-8D3D-79608F4D6759}.Release|Any CPU.Build.0 = Release|Any CPU
		{ACD5432D-E7C4-4A83-86AD-B80561C2B353}.Debug|Any CPU.ActiveCfg = Debug|Any CPU
		{ACD5432D-E7C4-4A83-86AD-B80561C2B353}.Debug|Any CPU.Build.0 = Debug|Any CPU
		{ACD5432D-E7C4-4A83-86AD-B80561C2B353}.Release|Any CPU.ActiveCfg = Release|Any CPU
		{ACD5432D-E7C4-4A83-86AD-B80561C2B353}.Release|Any CPU.Build.0 = Release|Any CPU
	EndGlobalSection
	GlobalSection(SolutionProperties) = preSolution
		HideSolutionNode = FALSE
	EndGlobalSection
	GlobalSection(ExtensibilityGlobals) = postSolution
		SolutionGuid = {5D7E2F29-DC96-43A2-95D0-36ACAFC70608}
	EndGlobalSection
EndGlobal
