
Microsoft Visual Studio Solution File, Format Version 12.00
# Visual Studio Version 17
VisualStudioVersion = 17.2.32602.215
MinimumVisualStudioVersion = 10.0.40219.1
Project("{FAE04EC0-301F-11D3-BF4B-00C04F79EFBC}") = "BakeryShop", "BakeryShop\BakeryShop.csproj", "{BA89D272-F909-445B-B345-229389C1A5F1}"
EndProject
Global
	GlobalSection(SolutionConfigurationPlatforms) = preSolution
		Debug|Any CPU = Debug|Any CPU
		Release|Any CPU = Release|Any CPU
	EndGlobalSection
	GlobalSection(ProjectConfigurationPlatforms) = postSolution
		{BA89D272-F909-445B-B345-229389C1A5F1}.Debug|Any CPU.ActiveCfg = Debug|Any CPU
		{BA89D272-F909-445B-B345-229389C1A5F1}.Debug|Any CPU.Build.0 = Debug|Any CPU
		{BA89D272-F909-445B-B345-229389C1A5F1}.Release|Any CPU.ActiveCfg = Release|Any CPU
		{BA89D272-F909-445B-B345-229389C1A5F1}.Release|Any CPU.Build.0 = Release|Any CPU
	EndGlobalSection
	GlobalSection(SolutionProperties) = preSolution
		HideSolutionNode = FALSE
	EndGlobalSection
	GlobalSection(ExtensibilityGlobals) = postSolution
		SolutionGuid = {4C6B54C1-097A-4182-9DB5-EA1B9273A44C}
	EndGlobalSection
EndGlobal
