
Microsoft Visual Studio Solution File, Format Version 12.00
# Visual Studio Version 17
VisualStudioVersion = 17.1.32328.378
MinimumVisualStudioVersion = 10.0.40219.1
Project("{FAE04EC0-301F-11D3-BF4B-00C04F79EFBC}") = "Password_Reset", "Password_Reset\Password_Reset.csproj", "{C8148D0A-947A-4577-85E6-5EB0483DCFD2}"
EndProject
Project("{FAE04EC0-301F-11D3-BF4B-00C04F79EFBC}") = "Fancy_Barcodes", "Fancy_Barcodes\Fancy_Barcodes.csproj", "{A01A0887-A97F-492A-8EC0-61A317746AA0}"
EndProject
Project("{FAE04EC0-301F-11D3-BF4B-00C04F79EFBC}") = "Heroes_of_Code_and_Logic_VII", "Heroes_of_Code_and_Logic_VII\Heroes_of_Code_and_Logic_VII.csproj", "{06D4F09F-A9BD-4BA6-94FC-2BEA22A45BC5}"
EndProject
Global
	GlobalSection(SolutionConfigurationPlatforms) = preSolution
		Debug|Any CPU = Debug|Any CPU
		Release|Any CPU = Release|Any CPU
	EndGlobalSection
	GlobalSection(ProjectConfigurationPlatforms) = postSolution
		{C8148D0A-947A-4577-85E6-5EB0483DCFD2}.Debug|Any CPU.ActiveCfg = Debug|Any CPU
		{C8148D0A-947A-4577-85E6-5EB0483DCFD2}.Debug|Any CPU.Build.0 = Debug|Any CPU
		{C8148D0A-947A-4577-85E6-5EB0483DCFD2}.Release|Any CPU.ActiveCfg = Release|Any CPU
		{C8148D0A-947A-4577-85E6-5EB0483DCFD2}.Release|Any CPU.Build.0 = Release|Any CPU
		{A01A0887-A97F-492A-8EC0-61A317746AA0}.Debug|Any CPU.ActiveCfg = Debug|Any CPU
		{A01A0887-A97F-492A-8EC0-61A317746AA0}.Debug|Any CPU.Build.0 = Debug|Any CPU
		{A01A0887-A97F-492A-8EC0-61A317746AA0}.Release|Any CPU.ActiveCfg = Release|Any CPU
		{A01A0887-A97F-492A-8EC0-61A317746AA0}.Release|Any CPU.Build.0 = Release|Any CPU
		{06D4F09F-A9BD-4BA6-94FC-2BEA22A45BC5}.Debug|Any CPU.ActiveCfg = Debug|Any CPU
		{06D4F09F-A9BD-4BA6-94FC-2BEA22A45BC5}.Debug|Any CPU.Build.0 = Debug|Any CPU
		{06D4F09F-A9BD-4BA6-94FC-2BEA22A45BC5}.Release|Any CPU.ActiveCfg = Release|Any CPU
		{06D4F09F-A9BD-4BA6-94FC-2BEA22A45BC5}.Release|Any CPU.Build.0 = Release|Any CPU
	EndGlobalSection
	GlobalSection(SolutionProperties) = preSolution
		HideSolutionNode = FALSE
	EndGlobalSection
	GlobalSection(ExtensibilityGlobals) = postSolution
		SolutionGuid = {F2A777EA-CBB0-476B-BFDD-276A8C63934C}
	EndGlobalSection
EndGlobal
