
Microsoft Visual Studio Solution File, Format Version 12.00
# Visual Studio Version 17
VisualStudioVersion = 17.0.32126.317
MinimumVisualStudioVersion = 10.0.40219.1
Project("{FAE04EC0-301F-11D3-BF4B-00C04F79EFBC}") = "ConsoleApp13", "ConsoleApp13\ConsoleApp13.csproj", "{207EE9E8-4F09-49FD-B334-C1E498473B13}"
EndProject
Project("{FAE04EC0-301F-11D3-BF4B-00C04F79EFBC}") = "ConsoleApp1", "ConsoleApp1\ConsoleApp1.csproj", "{B003B13B-05B9-4E3E-8E51-1B808A524528}"
EndProject
Project("{FAE04EC0-301F-11D3-BF4B-00C04F79EFBC}") = "ConsoleApp2", "ConsoleApp2\ConsoleApp2.csproj", "{1510CAC2-AA2D-48DA-888B-7865900EC0A7}"
EndProject
Global
	GlobalSection(SolutionConfigurationPlatforms) = preSolution
		Debug|Any CPU = Debug|Any CPU
		Release|Any CPU = Release|Any CPU
	EndGlobalSection
	GlobalSection(ProjectConfigurationPlatforms) = postSolution
		{207EE9E8-4F09-49FD-B334-C1E498473B13}.Debug|Any CPU.ActiveCfg = Debug|Any CPU
		{207EE9E8-4F09-49FD-B334-C1E498473B13}.Debug|Any CPU.Build.0 = Debug|Any CPU
		{207EE9E8-4F09-49FD-B334-C1E498473B13}.Release|Any CPU.ActiveCfg = Release|Any CPU
		{207EE9E8-4F09-49FD-B334-C1E498473B13}.Release|Any CPU.Build.0 = Release|Any CPU
		{B003B13B-05B9-4E3E-8E51-1B808A524528}.Debug|Any CPU.ActiveCfg = Debug|Any CPU
		{B003B13B-05B9-4E3E-8E51-1B808A524528}.Debug|Any CPU.Build.0 = Debug|Any CPU
		{B003B13B-05B9-4E3E-8E51-1B808A524528}.Release|Any CPU.ActiveCfg = Release|Any CPU
		{B003B13B-05B9-4E3E-8E51-1B808A524528}.Release|Any CPU.Build.0 = Release|Any CPU
		{1510CAC2-AA2D-48DA-888B-7865900EC0A7}.Debug|Any CPU.ActiveCfg = Debug|Any CPU
		{1510CAC2-AA2D-48DA-888B-7865900EC0A7}.Debug|Any CPU.Build.0 = Debug|Any CPU
		{1510CAC2-AA2D-48DA-888B-7865900EC0A7}.Release|Any CPU.ActiveCfg = Release|Any CPU
		{1510CAC2-AA2D-48DA-888B-7865900EC0A7}.Release|Any CPU.Build.0 = Release|Any CPU
	EndGlobalSection
	GlobalSection(SolutionProperties) = preSolution
		HideSolutionNode = FALSE
	EndGlobalSection
	GlobalSection(ExtensibilityGlobals) = postSolution
		SolutionGuid = {27786BFA-DFB6-4AEF-864C-1DFDD3470695}
	EndGlobalSection
EndGlobal
