
Microsoft Visual Studio Solution File, Format Version 12.00
# Visual Studio Version 17
VisualStudioVersion = 17.0.31825.309
MinimumVisualStudioVersion = 10.0.40219.1
Project("{FAE04EC0-301F-11D3-BF4B-00C04F79EFBC}") = "ConsoleApp1", "ConsoleApp1\ConsoleApp1.csproj", "{6768AE07-58BC-4B4C-A86C-0853176C383A}"
EndProject
Global
	GlobalSection(SolutionConfigurationPlatforms) = preSolution
		Debug|Any CPU = Debug|Any CPU
		Release|Any CPU = Release|Any CPU
	EndGlobalSection
	GlobalSection(ProjectConfigurationPlatforms) = postSolution
		{6768AE07-58BC-4B4C-A86C-0853176C383A}.Debug|Any CPU.ActiveCfg = Debug|Any CPU
		{6768AE07-58BC-4B4C-A86C-0853176C383A}.Debug|Any CPU.Build.0 = Debug|Any CPU
		{6768AE07-58BC-4B4C-A86C-0853176C383A}.Release|Any CPU.ActiveCfg = Release|Any CPU
		{6768AE07-58BC-4B4C-A86C-0853176C383A}.Release|Any CPU.Build.0 = Release|Any CPU
	EndGlobalSection
	GlobalSection(SolutionProperties) = preSolution
		HideSolutionNode = FALSE
	EndGlobalSection
	GlobalSection(ExtensibilityGlobals) = postSolution
		SolutionGuid = {431B2FE8-EBBE-4FF4-A245-5251839D29B3}
	EndGlobalSection
EndGlobal
