
Microsoft Visual Studio Solution File, Format Version 12.00
# Visual Studio Version 17
VisualStudioVersion = 17.0.32126.317
MinimumVisualStudioVersion = 10.0.40219.1
Project("{FAE04EC0-301F-11D3-BF4B-00C04F79EFBC}") = "zad1exam", "zad1exam\zad1exam.csproj", "{6ED7E5AB-B929-45FC-B7D7-59CBED4CF610}"
EndProject
Project("{FAE04EC0-301F-11D3-BF4B-00C04F79EFBC}") = "zad1", "zad1\zad1.csproj", "{2BCFF1FA-168F-4B3D-A9CE-1F7C37D3C5D2}"
EndProject
Project("{FAE04EC0-301F-11D3-BF4B-00C04F79EFBC}") = "mess", "mess\mess.csproj", "{8C5F4BE3-F32B-47D9-B723-37A4600CB811}"
EndProject
Project("{FAE04EC0-301F-11D3-BF4B-00C04F79EFBC}") = "ConsoleApp1", "ConsoleApp1\ConsoleApp1.csproj", "{D3D1B9E6-2ED6-4B17-8D86-91B79AC81CCB}"
EndProject
Project("{FAE04EC0-301F-11D3-BF4B-00C04F79EFBC}") = "ConsoleApp2", "ConsoleApp2\ConsoleApp2.csproj", "{CCA611EB-ABF2-48F7-B15F-70914C83241E}"
EndProject
Global
	GlobalSection(SolutionConfigurationPlatforms) = preSolution
		Debug|Any CPU = Debug|Any CPU
		Release|Any CPU = Release|Any CPU
	EndGlobalSection
	GlobalSection(ProjectConfigurationPlatforms) = postSolution
		{6ED7E5AB-B929-45FC-B7D7-59CBED4CF610}.Debug|Any CPU.ActiveCfg = Debug|Any CPU
		{6ED7E5AB-B929-45FC-B7D7-59CBED4CF610}.Debug|Any CPU.Build.0 = Debug|Any CPU
		{6ED7E5AB-B929-45FC-B7D7-59CBED4CF610}.Release|Any CPU.ActiveCfg = Release|Any CPU
		{6ED7E5AB-B929-45FC-B7D7-59CBED4CF610}.Release|Any CPU.Build.0 = Release|Any CPU
		{2BCFF1FA-168F-4B3D-A9CE-1F7C37D3C5D2}.Debug|Any CPU.ActiveCfg = Debug|Any CPU
		{2BCFF1FA-168F-4B3D-A9CE-1F7C37D3C5D2}.Debug|Any CPU.Build.0 = Debug|Any CPU
		{2BCFF1FA-168F-4B3D-A9CE-1F7C37D3C5D2}.Release|Any CPU.ActiveCfg = Release|Any CPU
		{2BCFF1FA-168F-4B3D-A9CE-1F7C37D3C5D2}.Release|Any CPU.Build.0 = Release|Any CPU
		{8C5F4BE3-F32B-47D9-B723-37A4600CB811}.Debug|Any CPU.ActiveCfg = Debug|Any CPU
		{8C5F4BE3-F32B-47D9-B723-37A4600CB811}.Debug|Any CPU.Build.0 = Debug|Any CPU
		{8C5F4BE3-F32B-47D9-B723-37A4600CB811}.Release|Any CPU.ActiveCfg = Release|Any CPU
		{8C5F4BE3-F32B-47D9-B723-37A4600CB811}.Release|Any CPU.Build.0 = Release|Any CPU
		{D3D1B9E6-2ED6-4B17-8D86-91B79AC81CCB}.Debug|Any CPU.ActiveCfg = Debug|Any CPU
		{D3D1B9E6-2ED6-4B17-8D86-91B79AC81CCB}.Debug|Any CPU.Build.0 = Debug|Any CPU
		{D3D1B9E6-2ED6-4B17-8D86-91B79AC81CCB}.Release|Any CPU.ActiveCfg = Release|Any CPU
		{D3D1B9E6-2ED6-4B17-8D86-91B79AC81CCB}.Release|Any CPU.Build.0 = Release|Any CPU
		{CCA611EB-ABF2-48F7-B15F-70914C83241E}.Debug|Any CPU.ActiveCfg = Debug|Any CPU
		{CCA611EB-ABF2-48F7-B15F-70914C83241E}.Debug|Any CPU.Build.0 = Debug|Any CPU
		{CCA611EB-ABF2-48F7-B15F-70914C83241E}.Release|Any CPU.ActiveCfg = Release|Any CPU
		{CCA611EB-ABF2-48F7-B15F-70914C83241E}.Release|Any CPU.Build.0 = Release|Any CPU
	EndGlobalSection
	GlobalSection(SolutionProperties) = preSolution
		HideSolutionNode = FALSE
	EndGlobalSection
	GlobalSection(ExtensibilityGlobals) = postSolution
		SolutionGuid = {50E64A28-F3B1-41F6-B222-44DDCEFE241E}
	EndGlobalSection
EndGlobal
