
Microsoft Visual Studio Solution File, Format Version 12.00
# Visual Studio Version 17
VisualStudioVersion = 17.2.32602.215
MinimumVisualStudioVersion = 10.0.40219.1
Project("{FAE04EC0-301F-11D3-BF4B-00C04F79EFBC}") = "TaskBoardApp", "TaskBoardApp\TaskBoardApp.csproj", "{098B3E54-5578-4415-94AD-2E53928C2C79}"
EndProject
Project("{FAE04EC0-301F-11D3-BF4B-00C04F79EFBC}") = "TaskBoard.Data", "TaskBoard.Data\TaskBoard.Data.csproj", "{C8128A92-1035-48BD-82BA-8E374048E4F1}"
EndProject
Project("{FAE04EC0-301F-11D3-BF4B-00C04F79EFBC}") = "TaskBoardApp.Web.ViewModels", "TaskBoardApp.Web.ViewModels\TaskBoardApp.Web.ViewModels.csproj", "{558F3AF4-BBD1-4E80-9F7B-DD49458B855B}"
EndProject
Global
	GlobalSection(SolutionConfigurationPlatforms) = preSolution
		Debug|Any CPU = Debug|Any CPU
		Release|Any CPU = Release|Any CPU
	EndGlobalSection
	GlobalSection(ProjectConfigurationPlatforms) = postSolution
		{098B3E54-5578-4415-94AD-2E53928C2C79}.Debug|Any CPU.ActiveCfg = Debug|Any CPU
		{098B3E54-5578-4415-94AD-2E53928C2C79}.Debug|Any CPU.Build.0 = Debug|Any CPU
		{098B3E54-5578-4415-94AD-2E53928C2C79}.Release|Any CPU.ActiveCfg = Release|Any CPU
		{098B3E54-5578-4415-94AD-2E53928C2C79}.Release|Any CPU.Build.0 = Release|Any CPU
		{C8128A92-1035-48BD-82BA-8E374048E4F1}.Debug|Any CPU.ActiveCfg = Debug|Any CPU
		{C8128A92-1035-48BD-82BA-8E374048E4F1}.Debug|Any CPU.Build.0 = Debug|Any CPU
		{C8128A92-1035-48BD-82BA-8E374048E4F1}.Release|Any CPU.ActiveCfg = Release|Any CPU
		{C8128A92-1035-48BD-82BA-8E374048E4F1}.Release|Any CPU.Build.0 = Release|Any CPU
		{558F3AF4-BBD1-4E80-9F7B-DD49458B855B}.Debug|Any CPU.ActiveCfg = Debug|Any CPU
		{558F3AF4-BBD1-4E80-9F7B-DD49458B855B}.Debug|Any CPU.Build.0 = Debug|Any CPU
		{558F3AF4-BBD1-4E80-9F7B-DD49458B855B}.Release|Any CPU.ActiveCfg = Release|Any CPU
		{558F3AF4-BBD1-4E80-9F7B-DD49458B855B}.Release|Any CPU.Build.0 = Release|Any CPU
	EndGlobalSection
	GlobalSection(SolutionProperties) = preSolution
		HideSolutionNode = FALSE
	EndGlobalSection
	GlobalSection(ExtensibilityGlobals) = postSolution
		SolutionGuid = {5B2DDDC5-FA63-4521-A55D-D0D43D3B7BBD}
	EndGlobalSection
EndGlobal
