
Microsoft Visual Studio Solution File, Format Version 12.00
# Visual Studio Version 17
VisualStudioVersion = 17.2.32602.215
MinimumVisualStudioVersion = 10.0.40219.1
Project("{FAE04EC0-301F-11D3-BF4B-00C04F79EFBC}") = "Warship", "Warship\Warship.csproj", "{185A7B6B-C402-4962-9319-FA85566FCA8D}"
EndProject
Global
	GlobalSection(SolutionConfigurationPlatforms) = preSolution
		Debug|Any CPU = Debug|Any CPU
		Release|Any CPU = Release|Any CPU
	EndGlobalSection
	GlobalSection(ProjectConfigurationPlatforms) = postSolution
		{185A7B6B-C402-4962-9319-FA85566FCA8D}.Debug|Any CPU.ActiveCfg = Debug|Any CPU
		{185A7B6B-C402-4962-9319-FA85566FCA8D}.Debug|Any CPU.Build.0 = Debug|Any CPU
		{185A7B6B-C402-4962-9319-FA85566FCA8D}.Release|Any CPU.ActiveCfg = Release|Any CPU
		{185A7B6B-C402-4962-9319-FA85566FCA8D}.Release|Any CPU.Build.0 = Release|Any CPU
	EndGlobalSection
	GlobalSection(SolutionProperties) = preSolution
		HideSolutionNode = FALSE
	EndGlobalSection
	GlobalSection(ExtensibilityGlobals) = postSolution
		SolutionGuid = {33FB894B-84A9-4B4D-9BFB-169364B51D72}
	EndGlobalSection
EndGlobal
