
Microsoft Visual Studio Solution File, Format Version 12.00
# Visual Studio Version 17
VisualStudioVersion = 17.0.31825.309
MinimumVisualStudioVersion = 10.0.40219.1
Project("{FAE04EC0-301F-11D3-BF4B-00C04F79EFBC}") = "ConsoleApp1", "ConsoleApp1\ConsoleApp1.csproj", "{A288E5EA-3A8A-4FBB-B891-3A778D80CDB9}"
EndProject
Global
	GlobalSection(SolutionConfigurationPlatforms) = preSolution
		Debug|Any CPU = Debug|Any CPU
		Release|Any CPU = Release|Any CPU
	EndGlobalSection
	GlobalSection(ProjectConfigurationPlatforms) = postSolution
		{A288E5EA-3A8A-4FBB-B891-3A778D80CDB9}.Debug|Any CPU.ActiveCfg = Debug|Any CPU
		{A288E5EA-3A8A-4FBB-B891-3A778D80CDB9}.Debug|Any CPU.Build.0 = Debug|Any CPU
		{A288E5EA-3A8A-4FBB-B891-3A778D80CDB9}.Release|Any CPU.ActiveCfg = Release|Any CPU
		{A288E5EA-3A8A-4FBB-B891-3A778D80CDB9}.Release|Any CPU.Build.0 = Release|Any CPU
	EndGlobalSection
	GlobalSection(SolutionProperties) = preSolution
		HideSolutionNode = FALSE
	EndGlobalSection
	GlobalSection(ExtensibilityGlobals) = postSolution
		SolutionGuid = {E7F3D170-5001-4123-812B-455DF6DA3BD8}
	EndGlobalSection
EndGlobal
