
Microsoft Visual Studio Solution File, Format Version 12.00
# Visual Studio Version 17
VisualStudioVersion = 17.0.32126.317
MinimumVisualStudioVersion = 10.0.40219.1
Project("{FAE04EC0-301F-11D3-BF4B-00C04F79EFBC}") = "ConsoleApp14", "ConsoleApp14\ConsoleApp14.csproj", "{E4C91A0A-0DFE-4FD6-A6F9-1CB8B9BCB532}"
EndProject
Project("{FAE04EC0-301F-11D3-BF4B-00C04F79EFBC}") = "ConsoleApp1", "ConsoleApp1\ConsoleApp1.csproj", "{9064027D-A417-4D20-AE63-0EB4117157C2}"
EndProject
Project("{FAE04EC0-301F-11D3-BF4B-00C04F79EFBC}") = "ConsoleApp2", "ConsoleApp2\ConsoleApp2.csproj", "{6A87AEA4-BF50-4453-B935-9754CCB11035}"
EndProject
Global
	GlobalSection(SolutionConfigurationPlatforms) = preSolution
		Debug|Any CPU = Debug|Any CPU
		Release|Any CPU = Release|Any CPU
	EndGlobalSection
	GlobalSection(ProjectConfigurationPlatforms) = postSolution
		{E4C91A0A-0DFE-4FD6-A6F9-1CB8B9BCB532}.Debug|Any CPU.ActiveCfg = Debug|Any CPU
		{E4C91A0A-0DFE-4FD6-A6F9-1CB8B9BCB532}.Debug|Any CPU.Build.0 = Debug|Any CPU
		{E4C91A0A-0DFE-4FD6-A6F9-1CB8B9BCB532}.Release|Any CPU.ActiveCfg = Release|Any CPU
		{E4C91A0A-0DFE-4FD6-A6F9-1CB8B9BCB532}.Release|Any CPU.Build.0 = Release|Any CPU
		{9064027D-A417-4D20-AE63-0EB4117157C2}.Debug|Any CPU.ActiveCfg = Debug|Any CPU
		{9064027D-A417-4D20-AE63-0EB4117157C2}.Debug|Any CPU.Build.0 = Debug|Any CPU
		{9064027D-A417-4D20-AE63-0EB4117157C2}.Release|Any CPU.ActiveCfg = Release|Any CPU
		{9064027D-A417-4D20-AE63-0EB4117157C2}.Release|Any CPU.Build.0 = Release|Any CPU
		{6A87AEA4-BF50-4453-B935-9754CCB11035}.Debug|Any CPU.ActiveCfg = Debug|Any CPU
		{6A87AEA4-BF50-4453-B935-9754CCB11035}.Debug|Any CPU.Build.0 = Debug|Any CPU
		{6A87AEA4-BF50-4453-B935-9754CCB11035}.Release|Any CPU.ActiveCfg = Release|Any CPU
		{6A87AEA4-BF50-4453-B935-9754CCB11035}.Release|Any CPU.Build.0 = Release|Any CPU
	EndGlobalSection
	GlobalSection(SolutionProperties) = preSolution
		HideSolutionNode = FALSE
	EndGlobalSection
	GlobalSection(ExtensibilityGlobals) = postSolution
		SolutionGuid = {2859A03A-C042-4069-9DEE-31F035B56F9B}
	EndGlobalSection
EndGlobal
