
Microsoft Visual Studio Solution File, Format Version 12.00
# Visual Studio Version 17
VisualStudioVersion = 17.1.32328.378
MinimumVisualStudioVersion = 10.0.40219.1
Project("{FAE04EC0-301F-11D3-BF4B-00C04F79EFBC}") = "Vehicles", "Vehicles\Vehicles.csproj", "{F2E06559-03CD-4104-AE7E-3C05ACA1BE6E}"
EndProject
Project("{FAE04EC0-301F-11D3-BF4B-00C04F79EFBC}") = "Vehicles_Extension", "Vehicles_Extension\Vehicles_Extension.csproj", "{E1EE7B25-E83E-479E-85DA-D92440F39DAE}"
EndProject
Project("{FAE04EC0-301F-11D3-BF4B-00C04F79EFBC}") = "Raiding", "Raiding\Raiding.csproj", "{467B017F-4B44-4362-A168-5E927E1B1A89}"
EndProject
Project("{FAE04EC0-301F-11D3-BF4B-00C04F79EFBC}") = "Wild Farm", "Wild Farm\Wild Farm.csproj", "{7C5F9DFB-B43D-4F5B-9CAE-A5175D2E250C}"
EndProject
Global
	GlobalSection(SolutionConfigurationPlatforms) = preSolution
		Debug|Any CPU = Debug|Any CPU
		Release|Any CPU = Release|Any CPU
	EndGlobalSection
	GlobalSection(ProjectConfigurationPlatforms) = postSolution
		{F2E06559-03CD-4104-AE7E-3C05ACA1BE6E}.Debug|Any CPU.ActiveCfg = Debug|Any CPU
		{F2E06559-03CD-4104-AE7E-3C05ACA1BE6E}.Debug|Any CPU.Build.0 = Debug|Any CPU
		{F2E06559-03CD-4104-AE7E-3C05ACA1BE6E}.Release|Any CPU.ActiveCfg = Release|Any CPU
		{F2E06559-03CD-4104-AE7E-3C05ACA1BE6E}.Release|Any CPU.Build.0 = Release|Any CPU
		{E1EE7B25-E83E-479E-85DA-D92440F39DAE}.Debug|Any CPU.ActiveCfg = Debug|Any CPU
		{E1EE7B25-E83E-479E-85DA-D92440F39DAE}.Debug|Any CPU.Build.0 = Debug|Any CPU
		{E1EE7B25-E83E-479E-85DA-D92440F39DAE}.Release|Any CPU.ActiveCfg = Release|Any CPU
		{E1EE7B25-E83E-479E-85DA-D92440F39DAE}.Release|Any CPU.Build.0 = Release|Any CPU
		{467B017F-4B44-4362-A168-5E927E1B1A89}.Debug|Any CPU.ActiveCfg = Debug|Any CPU
		{467B017F-4B44-4362-A168-5E927E1B1A89}.Debug|Any CPU.Build.0 = Debug|Any CPU
		{467B017F-4B44-4362-A168-5E927E1B1A89}.Release|Any CPU.ActiveCfg = Release|Any CPU
		{467B017F-4B44-4362-A168-5E927E1B1A89}.Release|Any CPU.Build.0 = Release|Any CPU
		{7C5F9DFB-B43D-4F5B-9CAE-A5175D2E250C}.Debug|Any CPU.ActiveCfg = Debug|Any CPU
		{7C5F9DFB-B43D-4F5B-9CAE-A5175D2E250C}.Debug|Any CPU.Build.0 = Debug|Any CPU
		{7C5F9DFB-B43D-4F5B-9CAE-A5175D2E250C}.Release|Any CPU.ActiveCfg = Release|Any CPU
		{7C5F9DFB-B43D-4F5B-9CAE-A5175D2E250C}.Release|Any CPU.Build.0 = Release|Any CPU
	EndGlobalSection
	GlobalSection(SolutionProperties) = preSolution
		HideSolutionNode = FALSE
	EndGlobalSection
	GlobalSection(ExtensibilityGlobals) = postSolution
		SolutionGuid = {B76BE8FB-CFDD-40A9-A7DB-2AC1157D2C92}
	EndGlobalSection
EndGlobal
