
Microsoft Visual Studio Solution File, Format Version 12.00
# Visual Studio Version 17
VisualStudioVersion = 17.1.32328.378
MinimumVisualStudioVersion = 10.0.40219.1
Project("{9A19103F-16F7-4668-BE54-9A1E7A4F7556}") = "Persons", "Persons\Persons.csproj", "{3137618F-4951-4231-8218-9FF4B9B6D3A3}"
EndProject
Project("{9A19103F-16F7-4668-BE54-9A1E7A4F7556}") = "Salary_Increase", "Salary_Increase\Salary_Increase.csproj", "{38FCD4E1-58AA-4584-93B6-1B760B6A23E1}"
EndProject
Project("{9A19103F-16F7-4668-BE54-9A1E7A4F7556}") = "Validation_of_Data", "Validation_of_Data\Validation_of_Data.csproj", "{427DC2F1-0C7E-4082-A428-AA07294409BD}"
EndProject
Project("{FAE04EC0-301F-11D3-BF4B-00C04F79EFBC}") = "Team", "Team\Team.csproj", "{038A6F73-ACA7-4BF8-9966-1A918CF31119}"
EndProject
Global
	GlobalSection(SolutionConfigurationPlatforms) = preSolution
		Debug|Any CPU = Debug|Any CPU
		Release|Any CPU = Release|Any CPU
	EndGlobalSection
	GlobalSection(ProjectConfigurationPlatforms) = postSolution
		{3137618F-4951-4231-8218-9FF4B9B6D3A3}.Debug|Any CPU.ActiveCfg = Debug|Any CPU
		{3137618F-4951-4231-8218-9FF4B9B6D3A3}.Debug|Any CPU.Build.0 = Debug|Any CPU
		{3137618F-4951-4231-8218-9FF4B9B6D3A3}.Release|Any CPU.ActiveCfg = Release|Any CPU
		{3137618F-4951-4231-8218-9FF4B9B6D3A3}.Release|Any CPU.Build.0 = Release|Any CPU
		{38FCD4E1-58AA-4584-93B6-1B760B6A23E1}.Debug|Any CPU.ActiveCfg = Debug|Any CPU
		{38FCD4E1-58AA-4584-93B6-1B760B6A23E1}.Debug|Any CPU.Build.0 = Debug|Any CPU
		{38FCD4E1-58AA-4584-93B6-1B760B6A23E1}.Release|Any CPU.ActiveCfg = Release|Any CPU
		{38FCD4E1-58AA-4584-93B6-1B760B6A23E1}.Release|Any CPU.Build.0 = Release|Any CPU
		{427DC2F1-0C7E-4082-A428-AA07294409BD}.Debug|Any CPU.ActiveCfg = Debug|Any CPU
		{427DC2F1-0C7E-4082-A428-AA07294409BD}.Debug|Any CPU.Build.0 = Debug|Any CPU
		{427DC2F1-0C7E-4082-A428-AA07294409BD}.Release|Any CPU.ActiveCfg = Release|Any CPU
		{427DC2F1-0C7E-4082-A428-AA07294409BD}.Release|Any CPU.Build.0 = Release|Any CPU
		{038A6F73-ACA7-4BF8-9966-1A918CF31119}.Debug|Any CPU.ActiveCfg = Debug|Any CPU
		{038A6F73-ACA7-4BF8-9966-1A918CF31119}.Debug|Any CPU.Build.0 = Debug|Any CPU
		{038A6F73-ACA7-4BF8-9966-1A918CF31119}.Release|Any CPU.ActiveCfg = Release|Any CPU
		{038A6F73-ACA7-4BF8-9966-1A918CF31119}.Release|Any CPU.Build.0 = Release|Any CPU
	EndGlobalSection
	GlobalSection(SolutionProperties) = preSolution
		HideSolutionNode = FALSE
	EndGlobalSection
	GlobalSection(ExtensibilityGlobals) = postSolution
		SolutionGuid = {C7D9E4D6-E2AB-43B1-BFB3-CDBC375D438A}
	EndGlobalSection
EndGlobal
