
Microsoft Visual Studio Solution File, Format Version 12.00
# Visual Studio Version 17
VisualStudioVersion = 17.2.32602.215
MinimumVisualStudioVersion = 10.0.40219.1
Project("{FAE04EC0-301F-11D3-BF4B-00C04F79EFBC}") = "Reverse Polish Notation", "Reverse Polish Notation\Reverse Polish Notation.csproj", "{69E987A4-4842-4201-B996-D570EE361E01}"
EndProject
Global
	GlobalSection(SolutionConfigurationPlatforms) = preSolution
		Debug|Any CPU = Debug|Any CPU
		Release|Any CPU = Release|Any CPU
	EndGlobalSection
	GlobalSection(ProjectConfigurationPlatforms) = postSolution
		{69E987A4-4842-4201-B996-D570EE361E01}.Debug|Any CPU.ActiveCfg = Debug|Any CPU
		{69E987A4-4842-4201-B996-D570EE361E01}.Debug|Any CPU.Build.0 = Debug|Any CPU
		{69E987A4-4842-4201-B996-D570EE361E01}.Release|Any CPU.ActiveCfg = Release|Any CPU
		{69E987A4-4842-4201-B996-D570EE361E01}.Release|Any CPU.Build.0 = Release|Any CPU
	EndGlobalSection
	GlobalSection(SolutionProperties) = preSolution
		HideSolutionNode = FALSE
	EndGlobalSection
	GlobalSection(ExtensibilityGlobals) = postSolution
		SolutionGuid = {5B26619F-14B6-432F-9DAF-418CFA17910F}
	EndGlobalSection
EndGlobal
