
Microsoft Visual Studio Solution File, Format Version 12.00
# Visual Studio Version 17
VisualStudioVersion = 17.0.31825.309
MinimumVisualStudioVersion = 10.0.40219.1
Project("{FAE04EC0-301F-11D3-BF4B-00C04F79EFBC}") = "ConsoleApp5", "ConsoleApp5\ConsoleApp5.csproj", "{856BCBAD-F998-48C9-A188-2B170FE2EE94}"
EndProject
Global
	GlobalSection(SolutionConfigurationPlatforms) = preSolution
		Debug|Any CPU = Debug|Any CPU
		Release|Any CPU = Release|Any CPU
	EndGlobalSection
	GlobalSection(ProjectConfigurationPlatforms) = postSolution
		{856BCBAD-F998-48C9-A188-2B170FE2EE94}.Debug|Any CPU.ActiveCfg = Debug|Any CPU
		{856BCBAD-F998-48C9-A188-2B170FE2EE94}.Debug|Any CPU.Build.0 = Debug|Any CPU
		{856BCBAD-F998-48C9-A188-2B170FE2EE94}.Release|Any CPU.ActiveCfg = Release|Any CPU
		{856BCBAD-F998-48C9-A188-2B170FE2EE94}.Release|Any CPU.Build.0 = Release|Any CPU
	EndGlobalSection
	GlobalSection(SolutionProperties) = preSolution
		HideSolutionNode = FALSE
	EndGlobalSection
	GlobalSection(ExtensibilityGlobals) = postSolution
		SolutionGuid = {797E4005-8F94-4782-A47F-987E8D12B30B}
	EndGlobalSection
EndGlobal
