
Microsoft Visual Studio Solution File, Format Version 12.00
# Visual Studio Version 17
VisualStudioVersion = 17.2.32602.215
MinimumVisualStudioVersion = 10.0.40219.1
Project("{FAE04EC0-301F-11D3-BF4B-00C04F79EFBC}") = "Bakery shop", "Bakery shop\Bakery shop.csproj", "{725AE301-2F5C-4C0C-AC94-EB29CF8210B9}"
EndProject
Global
	GlobalSection(SolutionConfigurationPlatforms) = preSolution
		Debug|Any CPU = Debug|Any CPU
		Release|Any CPU = Release|Any CPU
	EndGlobalSection
	GlobalSection(ProjectConfigurationPlatforms) = postSolution
		{725AE301-2F5C-4C0C-AC94-EB29CF8210B9}.Debug|Any CPU.ActiveCfg = Debug|Any CPU
		{725AE301-2F5C-4C0C-AC94-EB29CF8210B9}.Debug|Any CPU.Build.0 = Debug|Any CPU
		{725AE301-2F5C-4C0C-AC94-EB29CF8210B9}.Release|Any CPU.ActiveCfg = Release|Any CPU
		{725AE301-2F5C-4C0C-AC94-EB29CF8210B9}.Release|Any CPU.Build.0 = Release|Any CPU
	EndGlobalSection
	GlobalSection(SolutionProperties) = preSolution
		HideSolutionNode = FALSE
	EndGlobalSection
	GlobalSection(ExtensibilityGlobals) = postSolution
		SolutionGuid = {FAD21F93-47A7-46C8-B3BE-8460A5DCEF0B}
	EndGlobalSection
EndGlobal
