
Microsoft Visual Studio Solution File, Format Version 12.00
# Visual Studio Version 17
VisualStudioVersion = 17.0.31825.309
MinimumVisualStudioVersion = 10.0.40219.1
Project("{FAE04EC0-301F-11D3-BF4B-00C04F79EFBC}") = "zad3", "zad3\zad3.csproj", "{1F2F3CE1-1289-434D-8322-7575BB48EB06}"
EndProject
Global
	GlobalSection(SolutionConfigurationPlatforms) = preSolution
		Debug|Any CPU = Debug|Any CPU
		Release|Any CPU = Release|Any CPU
	EndGlobalSection
	GlobalSection(ProjectConfigurationPlatforms) = postSolution
		{1F2F3CE1-1289-434D-8322-7575BB48EB06}.Debug|Any CPU.ActiveCfg = Debug|Any CPU
		{1F2F3CE1-1289-434D-8322-7575BB48EB06}.Debug|Any CPU.Build.0 = Debug|Any CPU
		{1F2F3CE1-1289-434D-8322-7575BB48EB06}.Release|Any CPU.ActiveCfg = Release|Any CPU
		{1F2F3CE1-1289-434D-8322-7575BB48EB06}.Release|Any CPU.Build.0 = Release|Any CPU
	EndGlobalSection
	GlobalSection(SolutionProperties) = preSolution
		HideSolutionNode = FALSE
	EndGlobalSection
	GlobalSection(ExtensibilityGlobals) = postSolution
		SolutionGuid = {FA5C3F94-839C-4935-8F29-7487BA5218EB}
	EndGlobalSection
EndGlobal
